{
  "name": "@taqueria/plugin-ligo",
  "version": "0.0.1",
  "lockfileVersion": 2,
  "requires": true,
  "packages": {
    "": {
      "name": "@taqueria/plugin-ligo",
      "version": "0.0.1",
      "license": "Apache-2.0",
      "dependencies": {
        "@taqueria/node-sdk": "file:../taqueria-sdk",
        "fast-glob": "^3.2.7"
      }
    },
    "../taqueria-protocol": {
      "name": "@taqueria/protocol",
      "version": "0.0.1",
      "license": "Apache-2.0",
      "devDependencies": {
        "typescript": "^4.5.4"
      }
    },
    "../taqueria-protocol/node_modules/typescript": {
      "version": "4.5.4",
      "dev": true,
      "license": "Apache-2.0",
      "bin": {
        "tsc": "bin/tsc",
        "tsserver": "bin/tsserver"
      },
      "engines": {
        "node": ">=4.2.0"
      }
    },
    "../taqueria-sdk": {
      "name": "@taqueria/node-sdk",
      "version": "0.0.1",
      "license": "Apache-2.0",
      "dependencies": {
        "@taqueria/protocol": "file:../taqueria-protocol",
        "project-name-generator": "^2.1.9",
        "stack-trace": "^1.0.0-pre1",
        "yargs": "^17.2.1"
      },
      "devDependencies": {
        "@bevry/jsonfile": "^1.3.0",
        "@types/json-schema-generator": "^2.0.0",
        "@types/node": "^17.0.12",
        "@types/project-name-generator": "^2.1.1",
        "@types/stack-trace": "^0.0.29",
        "@types/yargs": "^17.0.7",
        "caller-id": "^0.1.0",
        "esbuild": "^0.14.13",
        "json-schema-generator": "^2.0.6",
        "parcel": "^2.2.1",
        "typescript": "^4.5.2"
      }
    },
    "../taqueria-sdk/node_modules/@bevry/jsonfile": {
      "version": "1.3.0",
      "dev": true,
      "license": "MIT",
      "dependencies": {
        "errlop": "^4.2.0"
      },
      "engines": {
        "node": ">=10"
      },
      "funding": {
        "url": "https://bevry.me/fund"
      }
    },
    "../taqueria-sdk/node_modules/@taqueria/protocol": {
      "resolved": "../taqueria-protocol",
      "link": true
    },
    "../taqueria-sdk/node_modules/@types/json-schema": {
      "version": "7.0.9",
      "dev": true,
      "license": "MIT"
    },
    "../taqueria-sdk/node_modules/@types/json-schema-generator": {
      "version": "2.0.0",
      "dev": true,
      "license": "MIT",
      "dependencies": {
        "@types/json-schema": "*"
      }
    },
    "../taqueria-sdk/node_modules/@types/yargs": {
      "version": "17.0.7",
      "dev": true,
      "license": "MIT",
      "dependencies": {
        "@types/yargs-parser": "*"
      }
    },
    "../taqueria-sdk/node_modules/@types/yargs-parser": {
      "version": "20.2.1",
      "dev": true,
      "license": "MIT"
    },
    "../taqueria-sdk/node_modules/ansi-regex": {
      "version": "5.0.1",
      "license": "MIT",
      "engines": {
        "node": ">=8"
      }
    },
    "../taqueria-sdk/node_modules/ansi-styles": {
      "version": "4.3.0",
      "license": "MIT",
      "dependencies": {
        "color-convert": "^2.0.1"
      },
      "engines": {
        "node": ">=8"
      },
      "funding": {
        "url": "https://github.com/chalk/ansi-styles?sponsor=1"
      }
    },
    "../taqueria-sdk/node_modules/cliui": {
      "version": "7.0.4",
      "license": "ISC",
      "dependencies": {
        "string-width": "^4.2.0",
        "strip-ansi": "^6.0.0",
        "wrap-ansi": "^7.0.0"
      }
    },
    "../taqueria-sdk/node_modules/color-convert": {
      "version": "2.0.1",
      "license": "MIT",
      "dependencies": {
        "color-name": "~1.1.4"
      },
      "engines": {
        "node": ">=7.0.0"
      }
    },
    "../taqueria-sdk/node_modules/color-name": {
      "version": "1.1.4",
      "license": "MIT"
    },
    "../taqueria-sdk/node_modules/emoji-regex": {
      "version": "8.0.0",
      "license": "MIT"
    },
    "../taqueria-sdk/node_modules/errlop": {
      "version": "4.5.0",
      "dev": true,
      "license": "MIT",
      "engines": {
        "node": ">=4"
      },
      "funding": {
        "url": "https://bevry.me/fund"
      }
    },
    "../taqueria-sdk/node_modules/esbuild": {
      "version": "0.14.7",
      "dev": true,
      "hasInstallScript": true,
      "license": "MIT",
      "bin": {
        "esbuild": "bin/esbuild"
      },
      "optionalDependencies": {
        "esbuild-android-arm64": "0.14.7",
        "esbuild-darwin-64": "0.14.7",
        "esbuild-darwin-arm64": "0.14.7",
        "esbuild-freebsd-64": "0.14.7",
        "esbuild-freebsd-arm64": "0.14.7",
        "esbuild-linux-32": "0.14.7",
        "esbuild-linux-64": "0.14.7",
        "esbuild-linux-arm": "0.14.7",
        "esbuild-linux-arm64": "0.14.7",
        "esbuild-linux-mips64le": "0.14.7",
        "esbuild-linux-ppc64le": "0.14.7",
        "esbuild-netbsd-64": "0.14.7",
        "esbuild-openbsd-64": "0.14.7",
        "esbuild-sunos-64": "0.14.7",
        "esbuild-windows-32": "0.14.7",
        "esbuild-windows-64": "0.14.7",
        "esbuild-windows-arm64": "0.14.7"
      }
    },
    "../taqueria-sdk/node_modules/esbuild-darwin-64": {
      "version": "0.14.7",
      "cpu": [
        "x64"
      ],
      "dev": true,
      "license": "MIT",
      "optional": true,
      "os": [
        "darwin"
      ]
    },
    "../taqueria-sdk/node_modules/escalade": {
      "version": "3.1.1",
      "license": "MIT",
      "engines": {
        "node": ">=6"
      }
    },
    "../taqueria-sdk/node_modules/get-caller-file": {
      "version": "2.0.5",
      "license": "ISC",
      "engines": {
        "node": "6.* || 8.* || >= 10.*"
      }
    },
    "../taqueria-sdk/node_modules/is-fullwidth-code-point": {
      "version": "3.0.0",
      "license": "MIT",
      "engines": {
        "node": ">=8"
      }
    },
    "../taqueria-sdk/node_modules/json-schema-generator": {
      "version": "2.0.6",
      "dev": true,
      "license": "MIT",
      "dependencies": {
        "json-promise": "^1.1.8",
        "mkdirp": "^0.5.0",
        "optimist": "^0.6.1",
        "pretty-data": "^0.40.0",
        "request": "^2.81.0"
      },
      "bin": {
        "json-schema-generator": "bin/cli.js"
      }
    },
    "../taqueria-sdk/node_modules/json-schema-generator/node_modules/ajv": {
      "version": "5.2.3",
      "dev": true,
      "license": "MIT",
      "dependencies": {
        "co": "^4.6.0",
        "fast-deep-equal": "^1.0.0",
        "json-schema-traverse": "^0.3.0",
        "json-stable-stringify": "^1.0.1"
      }
    },
    "../taqueria-sdk/node_modules/json-schema-generator/node_modules/asn1": {
      "version": "0.2.3",
      "dev": true,
      "license": "MIT"
    },
    "../taqueria-sdk/node_modules/json-schema-generator/node_modules/assert-plus": {
      "version": "1.0.0",
      "dev": true,
      "license": "MIT",
      "engines": {
        "node": ">=0.8"
      }
    },
    "../taqueria-sdk/node_modules/json-schema-generator/node_modules/asynckit": {
      "version": "0.4.0",
      "dev": true,
      "license": "MIT"
    },
    "../taqueria-sdk/node_modules/json-schema-generator/node_modules/aws-sign2": {
      "version": "0.7.0",
      "dev": true,
      "license": "Apache-2.0",
      "engines": {
        "node": "*"
      }
    },
    "../taqueria-sdk/node_modules/json-schema-generator/node_modules/aws4": {
      "version": "1.6.0",
      "dev": true,
      "license": "MIT"
    },
    "../taqueria-sdk/node_modules/json-schema-generator/node_modules/bcrypt-pbkdf": {
      "version": "1.0.1",
      "dev": true,
      "license": "BSD-3-Clause",
      "optional": true,
      "dependencies": {
        "tweetnacl": "^0.14.3"
      }
    },
    "../taqueria-sdk/node_modules/json-schema-generator/node_modules/boom": {
      "version": "4.3.1",
      "dev": true,
      "license": "BSD-3-Clause",
      "dependencies": {
        "hoek": "4.x.x"
      },
      "engines": {
        "node": ">=4.0.0"
      }
    },
    "../taqueria-sdk/node_modules/json-schema-generator/node_modules/caseless": {
      "version": "0.12.0",
      "dev": true,
      "license": "Apache-2.0"
    },
    "../taqueria-sdk/node_modules/json-schema-generator/node_modules/co": {
      "version": "4.6.0",
      "dev": true,
      "license": "MIT",
      "engines": {
        "iojs": ">= 1.0.0",
        "node": ">= 0.12.0"
      }
    },
    "../taqueria-sdk/node_modules/json-schema-generator/node_modules/combined-stream": {
      "version": "1.0.5",
      "dev": true,
      "license": "MIT",
      "dependencies": {
        "delayed-stream": "~1.0.0"
      },
      "engines": {
        "node": ">= 0.8"
      }
    },
    "../taqueria-sdk/node_modules/json-schema-generator/node_modules/core-util-is": {
      "version": "1.0.2",
      "dev": true,
      "license": "MIT"
    },
    "../taqueria-sdk/node_modules/json-schema-generator/node_modules/cryptiles": {
      "version": "3.1.2",
      "dev": true,
      "license": "BSD-3-Clause",
      "dependencies": {
        "boom": "5.x.x"
      },
      "engines": {
        "node": ">=4.0.0"
      }
    },
    "../taqueria-sdk/node_modules/json-schema-generator/node_modules/cryptiles/node_modules/boom": {
      "version": "5.2.0",
      "dev": true,
      "license": "BSD-3-Clause",
      "dependencies": {
        "hoek": "4.x.x"
      },
      "engines": {
        "node": ">=4.0.0"
      }
    },
    "../taqueria-sdk/node_modules/json-schema-generator/node_modules/dashdash": {
      "version": "1.14.1",
      "dev": true,
      "license": "MIT",
      "dependencies": {
        "assert-plus": "^1.0.0"
      },
      "engines": {
        "node": ">=0.10"
      }
    },
    "../taqueria-sdk/node_modules/json-schema-generator/node_modules/delayed-stream": {
      "version": "1.0.0",
      "dev": true,
      "license": "MIT",
      "engines": {
        "node": ">=0.4.0"
      }
    },
    "../taqueria-sdk/node_modules/json-schema-generator/node_modules/ecc-jsbn": {
      "version": "0.1.1",
      "dev": true,
      "license": "MIT",
      "optional": true,
      "dependencies": {
        "jsbn": "~0.1.0"
      }
    },
    "../taqueria-sdk/node_modules/json-schema-generator/node_modules/extend": {
      "version": "3.0.1",
      "dev": true,
      "license": "MIT"
    },
    "../taqueria-sdk/node_modules/json-schema-generator/node_modules/extsprintf": {
      "version": "1.3.0",
      "dev": true,
      "engines": [
        "node >=0.6.0"
      ],
      "license": "MIT"
    },
    "../taqueria-sdk/node_modules/json-schema-generator/node_modules/fast-deep-equal": {
      "version": "1.0.0",
      "dev": true,
      "license": "MIT"
    },
    "../taqueria-sdk/node_modules/json-schema-generator/node_modules/forever-agent": {
      "version": "0.6.1",
      "dev": true,
      "license": "Apache-2.0",
      "engines": {
        "node": "*"
      }
    },
    "../taqueria-sdk/node_modules/json-schema-generator/node_modules/form-data": {
      "version": "2.3.1",
      "dev": true,
      "license": "MIT",
      "dependencies": {
        "asynckit": "^0.4.0",
        "combined-stream": "^1.0.5",
        "mime-types": "^2.1.12"
      },
      "engines": {
        "node": ">= 0.12"
      }
    },
    "../taqueria-sdk/node_modules/json-schema-generator/node_modules/getpass": {
      "version": "0.1.7",
      "dev": true,
      "license": "MIT",
      "dependencies": {
        "assert-plus": "^1.0.0"
      }
    },
    "../taqueria-sdk/node_modules/json-schema-generator/node_modules/har-schema": {
      "version": "2.0.0",
      "dev": true,
      "license": "ISC",
      "engines": {
        "node": ">=4"
      }
    },
    "../taqueria-sdk/node_modules/json-schema-generator/node_modules/har-validator": {
      "version": "5.0.3",
      "dev": true,
      "license": "ISC",
      "dependencies": {
        "ajv": "^5.1.0",
        "har-schema": "^2.0.0"
      },
      "engines": {
        "node": ">=4"
      }
    },
    "../taqueria-sdk/node_modules/json-schema-generator/node_modules/hawk": {
      "version": "6.0.2",
      "dev": true,
      "license": "BSD-3-Clause",
      "dependencies": {
        "boom": "4.x.x",
        "cryptiles": "3.x.x",
        "hoek": "4.x.x",
        "sntp": "2.x.x"
      },
      "engines": {
        "node": ">=4.5.0"
      }
    },
    "../taqueria-sdk/node_modules/json-schema-generator/node_modules/hoek": {
      "version": "4.2.0",
      "dev": true,
      "license": "BSD-3-Clause",
      "engines": {
        "node": ">=4.0.0"
      }
    },
    "../taqueria-sdk/node_modules/json-schema-generator/node_modules/http-signature": {
      "version": "1.2.0",
      "dev": true,
      "license": "MIT",
      "dependencies": {
        "assert-plus": "^1.0.0",
        "jsprim": "^1.2.2",
        "sshpk": "^1.7.0"
      },
      "engines": {
        "node": ">=0.8",
        "npm": ">=1.3.7"
      }
    },
    "../taqueria-sdk/node_modules/json-schema-generator/node_modules/is-typedarray": {
      "version": "1.0.0",
      "dev": true,
      "license": "MIT"
    },
    "../taqueria-sdk/node_modules/json-schema-generator/node_modules/isstream": {
      "version": "0.1.2",
      "dev": true,
      "license": "MIT"
    },
    "../taqueria-sdk/node_modules/json-schema-generator/node_modules/jsbn": {
      "version": "0.1.1",
      "dev": true,
      "license": "MIT",
      "optional": true
    },
    "../taqueria-sdk/node_modules/json-schema-generator/node_modules/json-promise": {
      "version": "1.1.8",
      "dev": true,
      "license": "MIT",
      "dependencies": {
        "bluebird": "*"
      }
    },
    "../taqueria-sdk/node_modules/json-schema-generator/node_modules/json-promise/node_modules/bluebird": {
      "version": "2.2.2",
      "dev": true,
      "license": "MIT"
    },
    "../taqueria-sdk/node_modules/json-schema-generator/node_modules/json-schema": {
      "version": "0.2.3",
      "dev": true
    },
    "../taqueria-sdk/node_modules/json-schema-generator/node_modules/json-schema-traverse": {
      "version": "0.3.1",
      "dev": true,
      "license": "MIT"
    },
    "../taqueria-sdk/node_modules/json-schema-generator/node_modules/json-stable-stringify": {
      "version": "1.0.1",
      "dev": true,
      "license": "MIT",
      "dependencies": {
        "jsonify": "~0.0.0"
      }
    },
    "../taqueria-sdk/node_modules/json-schema-generator/node_modules/json-stringify-safe": {
      "version": "5.0.1",
      "dev": true,
      "license": "ISC"
    },
    "../taqueria-sdk/node_modules/json-schema-generator/node_modules/jsonify": {
      "version": "0.0.0",
      "dev": true,
      "license": "Public Domain"
    },
    "../taqueria-sdk/node_modules/json-schema-generator/node_modules/jsprim": {
      "version": "1.4.1",
      "dev": true,
      "engines": [
        "node >=0.6.0"
      ],
      "license": "MIT",
      "dependencies": {
        "assert-plus": "1.0.0",
        "extsprintf": "1.3.0",
        "json-schema": "0.2.3",
        "verror": "1.10.0"
      }
    },
    "../taqueria-sdk/node_modules/json-schema-generator/node_modules/mime-db": {
      "version": "1.30.0",
      "dev": true,
      "license": "MIT",
      "engines": {
        "node": ">= 0.6"
      }
    },
    "../taqueria-sdk/node_modules/json-schema-generator/node_modules/mime-types": {
      "version": "2.1.17",
      "dev": true,
      "license": "MIT",
      "dependencies": {
        "mime-db": "~1.30.0"
      },
      "engines": {
        "node": ">= 0.6"
      }
    },
    "../taqueria-sdk/node_modules/json-schema-generator/node_modules/minimist": {
      "version": "0.0.8",
      "dev": true,
      "license": "MIT"
    },
    "../taqueria-sdk/node_modules/json-schema-generator/node_modules/mkdirp": {
      "version": "0.5.1",
      "dev": true,
      "license": "MIT",
      "dependencies": {
        "minimist": "0.0.8"
      },
      "bin": {
        "mkdirp": "bin/cmd.js"
      }
    },
    "../taqueria-sdk/node_modules/json-schema-generator/node_modules/oauth-sign": {
      "version": "0.8.2",
      "dev": true,
      "license": "Apache-2.0",
      "engines": {
        "node": "*"
      }
    },
    "../taqueria-sdk/node_modules/json-schema-generator/node_modules/optimist": {
      "version": "0.6.1",
      "dev": true,
      "license": "MIT/X11",
      "dependencies": {
        "minimist": "~0.0.1",
        "wordwrap": "~0.0.2"
      }
    },
    "../taqueria-sdk/node_modules/json-schema-generator/node_modules/performance-now": {
      "version": "2.1.0",
      "dev": true,
      "license": "MIT"
    },
    "../taqueria-sdk/node_modules/json-schema-generator/node_modules/pretty-data": {
      "version": "0.40.0",
      "dev": true,
      "license": "MIT"
    },
    "../taqueria-sdk/node_modules/json-schema-generator/node_modules/punycode": {
      "version": "1.4.1",
      "dev": true,
      "license": "MIT"
    },
    "../taqueria-sdk/node_modules/json-schema-generator/node_modules/qs": {
      "version": "6.5.1",
      "dev": true,
      "license": "BSD-3-Clause",
      "engines": {
        "node": ">=0.6"
      }
    },
    "../taqueria-sdk/node_modules/json-schema-generator/node_modules/request": {
      "version": "2.83.0",
      "dev": true,
      "license": "Apache-2.0",
      "dependencies": {
        "aws-sign2": "~0.7.0",
        "aws4": "^1.6.0",
        "caseless": "~0.12.0",
        "combined-stream": "~1.0.5",
        "extend": "~3.0.1",
        "forever-agent": "~0.6.1",
        "form-data": "~2.3.1",
        "har-validator": "~5.0.3",
        "hawk": "~6.0.2",
        "http-signature": "~1.2.0",
        "is-typedarray": "~1.0.0",
        "isstream": "~0.1.2",
        "json-stringify-safe": "~5.0.1",
        "mime-types": "~2.1.17",
        "oauth-sign": "~0.8.2",
        "performance-now": "^2.1.0",
        "qs": "~6.5.1",
        "safe-buffer": "^5.1.1",
        "stringstream": "~0.0.5",
        "tough-cookie": "~2.3.3",
        "tunnel-agent": "^0.6.0",
        "uuid": "^3.1.0"
      },
      "engines": {
        "node": ">= 4"
      }
    },
    "../taqueria-sdk/node_modules/json-schema-generator/node_modules/safe-buffer": {
      "version": "5.1.1",
      "dev": true,
      "license": "MIT"
    },
    "../taqueria-sdk/node_modules/json-schema-generator/node_modules/sntp": {
      "version": "2.0.2",
      "dev": true,
      "license": "BSD-3-Clause",
      "dependencies": {
        "hoek": "4.x.x"
      },
      "engines": {
        "node": ">=4.0.0"
      }
    },
    "../taqueria-sdk/node_modules/json-schema-generator/node_modules/sshpk": {
      "version": "1.13.1",
      "dev": true,
      "license": "MIT",
      "dependencies": {
        "asn1": "~0.2.3",
        "assert-plus": "^1.0.0",
        "dashdash": "^1.12.0",
        "getpass": "^0.1.1"
      },
      "bin": {
        "sshpk-conv": "bin/sshpk-conv",
        "sshpk-sign": "bin/sshpk-sign",
        "sshpk-verify": "bin/sshpk-verify"
      },
      "engines": {
        "node": ">=0.10.0"
      },
      "optionalDependencies": {
        "bcrypt-pbkdf": "^1.0.0",
        "ecc-jsbn": "~0.1.1",
        "jsbn": "~0.1.0",
        "tweetnacl": "~0.14.0"
      }
    },
    "../taqueria-sdk/node_modules/json-schema-generator/node_modules/stringstream": {
      "version": "0.0.5",
      "dev": true,
      "license": "MIT"
    },
    "../taqueria-sdk/node_modules/json-schema-generator/node_modules/tough-cookie": {
      "version": "2.3.3",
      "dev": true,
      "license": "BSD-3-Clause",
      "dependencies": {
        "punycode": "^1.4.1"
      },
      "engines": {
        "node": ">=0.8"
      }
    },
    "../taqueria-sdk/node_modules/json-schema-generator/node_modules/tunnel-agent": {
      "version": "0.6.0",
      "dev": true,
      "license": "Apache-2.0",
      "dependencies": {
        "safe-buffer": "^5.0.1"
      },
      "engines": {
        "node": "*"
      }
    },
    "../taqueria-sdk/node_modules/json-schema-generator/node_modules/tweetnacl": {
      "version": "0.14.5",
      "dev": true,
      "license": "Unlicense",
      "optional": true
    },
    "../taqueria-sdk/node_modules/json-schema-generator/node_modules/uuid": {
      "version": "3.1.0",
      "dev": true,
      "license": "MIT",
      "bin": {
        "uuid": "bin/uuid"
      }
    },
    "../taqueria-sdk/node_modules/json-schema-generator/node_modules/verror": {
      "version": "1.10.0",
      "dev": true,
      "engines": [
        "node >=0.6.0"
      ],
      "license": "MIT",
      "dependencies": {
        "assert-plus": "^1.0.0",
        "core-util-is": "1.0.2",
        "extsprintf": "^1.2.0"
      }
    },
    "../taqueria-sdk/node_modules/json-schema-generator/node_modules/wordwrap": {
      "version": "0.0.3",
      "dev": true,
      "license": "MIT",
      "engines": {
        "node": ">=0.4.0"
      }
    },
    "../taqueria-sdk/node_modules/require-directory": {
      "version": "2.1.1",
      "license": "MIT",
      "engines": {
        "node": ">=0.10.0"
      }
    },
    "../taqueria-sdk/node_modules/string-width": {
      "version": "4.2.3",
      "license": "MIT",
      "dependencies": {
        "emoji-regex": "^8.0.0",
        "is-fullwidth-code-point": "^3.0.0",
        "strip-ansi": "^6.0.1"
      },
      "engines": {
        "node": ">=8"
      }
    },
    "../taqueria-sdk/node_modules/strip-ansi": {
      "version": "6.0.1",
      "license": "MIT",
      "dependencies": {
        "ansi-regex": "^5.0.1"
      },
      "engines": {
        "node": ">=8"
      }
    },
    "../taqueria-sdk/node_modules/typescript": {
      "version": "4.5.2",
      "dev": true,
      "license": "Apache-2.0",
      "bin": {
        "tsc": "bin/tsc",
        "tsserver": "bin/tsserver"
      },
      "engines": {
        "node": ">=4.2.0"
      }
    },
    "../taqueria-sdk/node_modules/wrap-ansi": {
      "version": "7.0.0",
      "license": "MIT",
      "dependencies": {
        "ansi-styles": "^4.0.0",
        "string-width": "^4.1.0",
        "strip-ansi": "^6.0.0"
      },
      "engines": {
        "node": ">=10"
      },
      "funding": {
        "url": "https://github.com/chalk/wrap-ansi?sponsor=1"
      }
    },
    "../taqueria-sdk/node_modules/y18n": {
      "version": "5.0.8",
      "license": "ISC",
      "engines": {
        "node": ">=10"
      }
    },
    "../taqueria-sdk/node_modules/yargs": {
      "version": "17.2.1",
      "license": "MIT",
      "dependencies": {
        "cliui": "^7.0.2",
        "escalade": "^3.1.1",
        "get-caller-file": "^2.0.5",
        "require-directory": "^2.1.1",
        "string-width": "^4.2.0",
        "y18n": "^5.0.5",
        "yargs-parser": "^20.2.2"
      },
      "engines": {
        "node": ">=12"
      }
    },
    "../taqueria-sdk/node_modules/yargs-parser": {
      "version": "20.2.9",
      "license": "ISC",
      "engines": {
        "node": ">=10"
      }
    },
    "node_modules/@nodelib/fs.scandir": {
      "version": "2.1.5",
      "license": "MIT",
      "dependencies": {
        "@nodelib/fs.stat": "2.0.5",
        "run-parallel": "^1.1.9"
      },
      "engines": {
        "node": ">= 8"
      }
    },
    "node_modules/@nodelib/fs.stat": {
      "version": "2.0.5",
      "license": "MIT",
      "engines": {
        "node": ">= 8"
      }
    },
    "node_modules/@nodelib/fs.walk": {
      "version": "1.2.8",
      "license": "MIT",
      "dependencies": {
        "@nodelib/fs.scandir": "2.1.5",
        "fastq": "^1.6.0"
      },
      "engines": {
        "node": ">= 8"
      }
    },
    "node_modules/@taqueria/node-sdk": {
      "resolved": "../taqueria-sdk",
      "link": true
    },
    "node_modules/braces": {
      "version": "3.0.2",
      "license": "MIT",
      "dependencies": {
        "fill-range": "^7.0.1"
      },
      "engines": {
        "node": ">=8"
      }
    },
    "node_modules/fast-glob": {
      "version": "3.2.7",
      "license": "MIT",
      "dependencies": {
        "@nodelib/fs.stat": "^2.0.2",
        "@nodelib/fs.walk": "^1.2.3",
        "glob-parent": "^5.1.2",
        "merge2": "^1.3.0",
        "micromatch": "^4.0.4"
      },
      "engines": {
        "node": ">=8"
      }
    },
    "node_modules/fastq": {
      "version": "1.13.0",
      "license": "ISC",
      "dependencies": {
        "reusify": "^1.0.4"
      }
    },
    "node_modules/fill-range": {
      "version": "7.0.1",
      "license": "MIT",
      "dependencies": {
        "to-regex-range": "^5.0.1"
      },
      "engines": {
        "node": ">=8"
      }
    },
    "node_modules/glob-parent": {
      "version": "5.1.2",
      "license": "ISC",
      "dependencies": {
        "is-glob": "^4.0.1"
      },
      "engines": {
        "node": ">= 6"
      }
    },
    "node_modules/is-extglob": {
      "version": "2.1.1",
      "license": "MIT",
      "engines": {
        "node": ">=0.10.0"
      }
    },
    "node_modules/is-glob": {
      "version": "4.0.3",
      "license": "MIT",
      "dependencies": {
        "is-extglob": "^2.1.1"
      },
      "engines": {
        "node": ">=0.10.0"
      }
    },
    "node_modules/is-number": {
      "version": "7.0.0",
      "license": "MIT",
      "engines": {
        "node": ">=0.12.0"
      }
    },
    "node_modules/merge2": {
      "version": "1.4.1",
      "license": "MIT",
      "engines": {
        "node": ">= 8"
      }
    },
    "node_modules/micromatch": {
      "version": "4.0.4",
      "license": "MIT",
      "dependencies": {
        "braces": "^3.0.1",
        "picomatch": "^2.2.3"
      },
      "engines": {
        "node": ">=8.6"
      }
    },
    "node_modules/picomatch": {
      "version": "2.3.0",
      "license": "MIT",
      "engines": {
        "node": ">=8.6"
      },
      "funding": {
        "url": "https://github.com/sponsors/jonschlinkert"
      }
    },
    "node_modules/queue-microtask": {
      "version": "1.2.3",
      "funding": [
        {
          "type": "github",
          "url": "https://github.com/sponsors/feross"
        },
        {
          "type": "patreon",
          "url": "https://www.patreon.com/feross"
        },
        {
          "type": "consulting",
          "url": "https://feross.org/support"
        }
      ],
      "license": "MIT"
    },
    "node_modules/reusify": {
      "version": "1.0.4",
      "license": "MIT",
      "engines": {
        "iojs": ">=1.0.0",
        "node": ">=0.10.0"
      }
    },
    "node_modules/run-parallel": {
      "version": "1.2.0",
      "funding": [
        {
          "type": "github",
          "url": "https://github.com/sponsors/feross"
        },
        {
          "type": "patreon",
          "url": "https://www.patreon.com/feross"
        },
        {
          "type": "consulting",
          "url": "https://feross.org/support"
        }
      ],
      "license": "MIT",
      "dependencies": {
        "queue-microtask": "^1.2.2"
      }
    },
    "node_modules/to-regex-range": {
      "version": "5.0.1",
      "license": "MIT",
      "dependencies": {
        "is-number": "^7.0.0"
      },
      "engines": {
        "node": ">=8.0"
      }
    }
  },
  "dependencies": {
    "@nodelib/fs.scandir": {
      "version": "2.1.5",
      "requires": {
        "@nodelib/fs.stat": "2.0.5",
        "run-parallel": "^1.1.9"
      }
    },
    "@nodelib/fs.stat": {
      "version": "2.0.5"
    },
    "@nodelib/fs.walk": {
      "version": "1.2.8",
      "requires": {
        "@nodelib/fs.scandir": "2.1.5",
        "fastq": "^1.6.0"
      }
    },
    "@taqueria/node-sdk": {
      "version": "file:../taqueria-sdk",
      "requires": {
        "@bevry/jsonfile": "^1.3.0",
        "@taqueria/protocol": "file:../taqueria-protocol",
        "@types/json-schema-generator": "^2.0.0",
        "@types/node": "^17.0.12",
        "@types/project-name-generator": "^2.1.1",
        "@types/stack-trace": "^0.0.29",
        "@types/yargs": "^17.0.7",
        "caller-id": "^0.1.0",
        "esbuild": "^0.14.13",
        "json-schema-generator": "^2.0.6",
        "parcel": "^2.2.1",
        "project-name-generator": "^2.1.9",
        "stack-trace": "^1.0.0-pre1",
        "typescript": "^4.5.2",
        "yargs": "^17.2.1"
      },
      "dependencies": {
        "@bevry/jsonfile": {
          "version": "1.3.0",
          "dev": true,
          "requires": {
            "errlop": "^4.2.0"
          }
        },
        "@taqueria/protocol": {
          "version": "file:../taqueria-protocol",
          "requires": {
            "typescript": "^4.5.4"
          },
          "dependencies": {
            "typescript": {
              "version": "4.5.4",
              "dev": true
            }
          }
        },
        "@types/json-schema": {
          "version": "7.0.9",
          "dev": true
        },
        "@types/json-schema-generator": {
          "version": "2.0.0",
          "dev": true,
          "requires": {
            "@types/json-schema": "*"
          }
        },
        "@types/yargs": {
          "version": "17.0.7",
          "dev": true,
          "requires": {
            "@types/yargs-parser": "*"
          }
        },
        "@types/yargs-parser": {
          "version": "20.2.1",
          "dev": true
        },
        "ansi-regex": {
          "version": "5.0.1"
        },
        "ansi-styles": {
          "version": "4.3.0",
          "requires": {
            "color-convert": "^2.0.1"
          }
        },
        "cliui": {
          "version": "7.0.4",
          "requires": {
            "string-width": "^4.2.0",
            "strip-ansi": "^6.0.0",
            "wrap-ansi": "^7.0.0"
          }
        },
        "color-convert": {
          "version": "2.0.1",
          "requires": {
            "color-name": "~1.1.4"
          }
        },
        "color-name": {
          "version": "1.1.4"
        },
        "emoji-regex": {
          "version": "8.0.0"
        },
        "errlop": {
          "version": "4.5.0",
          "dev": true
        },
        "esbuild": {
          "version": "0.14.7",
          "dev": true,
          "requires": {
            "esbuild-android-arm64": "0.14.7",
            "esbuild-darwin-64": "0.14.7",
            "esbuild-darwin-arm64": "0.14.7",
            "esbuild-freebsd-64": "0.14.7",
            "esbuild-freebsd-arm64": "0.14.7",
            "esbuild-linux-32": "0.14.7",
            "esbuild-linux-64": "0.14.7",
            "esbuild-linux-arm": "0.14.7",
            "esbuild-linux-arm64": "0.14.7",
            "esbuild-linux-mips64le": "0.14.7",
            "esbuild-linux-ppc64le": "0.14.7",
            "esbuild-netbsd-64": "0.14.7",
            "esbuild-openbsd-64": "0.14.7",
            "esbuild-sunos-64": "0.14.7",
            "esbuild-windows-32": "0.14.7",
            "esbuild-windows-64": "0.14.7",
            "esbuild-windows-arm64": "0.14.7"
          }
        },
        "esbuild-darwin-64": {
          "version": "0.14.7",
          "dev": true,
          "optional": true
        },
        "escalade": {
          "version": "3.1.1"
        },
        "get-caller-file": {
          "version": "2.0.5"
        },
        "is-fullwidth-code-point": {
          "version": "3.0.0"
        },
        "json-schema-generator": {
          "version": "2.0.6",
          "dev": true,
          "requires": {
            "json-promise": "^1.1.8",
            "mkdirp": "^0.5.0",
            "optimist": "^0.6.1",
            "pretty-data": "^0.40.0",
            "request": "^2.81.0"
          },
          "dependencies": {
            "ajv": {
              "version": "5.2.3",
              "dev": true,
              "requires": {
                "co": "^4.6.0",
                "fast-deep-equal": "^1.0.0",
                "json-schema-traverse": "^0.3.0",
                "json-stable-stringify": "^1.0.1"
              }
            },
            "asn1": {
              "version": "0.2.3",
              "dev": true
            },
            "assert-plus": {
              "version": "1.0.0",
              "dev": true
            },
            "asynckit": {
              "version": "0.4.0",
              "dev": true
            },
            "aws-sign2": {
              "version": "0.7.0",
              "dev": true
            },
            "aws4": {
              "version": "1.6.0",
              "dev": true
            },
            "bcrypt-pbkdf": {
              "version": "1.0.1",
              "dev": true,
              "optional": true,
              "requires": {
                "tweetnacl": "^0.14.3"
              }
            },
            "boom": {
              "version": "4.3.1",
              "dev": true,
              "requires": {
                "hoek": "4.x.x"
              }
            },
            "caseless": {
              "version": "0.12.0",
              "dev": true
            },
            "co": {
              "version": "4.6.0",
              "dev": true
            },
            "combined-stream": {
              "version": "1.0.5",
              "dev": true,
              "requires": {
                "delayed-stream": "~1.0.0"
              }
            },
            "core-util-is": {
              "version": "1.0.2",
              "dev": true
            },
            "cryptiles": {
              "version": "3.1.2",
              "dev": true,
              "requires": {
                "boom": "5.x.x"
              },
              "dependencies": {
                "boom": {
                  "version": "5.2.0",
                  "dev": true,
                  "requires": {
                    "hoek": "4.x.x"
                  }
                }
              }
            },
            "dashdash": {
              "version": "1.14.1",
              "dev": true,
              "requires": {
                "assert-plus": "^1.0.0"
              }
            },
            "delayed-stream": {
              "version": "1.0.0",
              "dev": true
            },
            "ecc-jsbn": {
              "version": "0.1.1",
              "dev": true,
              "optional": true,
              "requires": {
                "jsbn": "~0.1.0"
              }
            },
            "extend": {
              "version": "3.0.1",
              "dev": true
            },
            "extsprintf": {
              "version": "1.3.0",
              "dev": true
            },
            "fast-deep-equal": {
              "version": "1.0.0",
              "dev": true
            },
            "forever-agent": {
              "version": "0.6.1",
              "dev": true
            },
            "form-data": {
              "version": "2.3.1",
              "dev": true,
              "requires": {
                "asynckit": "^0.4.0",
                "combined-stream": "^1.0.5",
                "mime-types": "^2.1.12"
              }
            },
            "getpass": {
              "version": "0.1.7",
              "dev": true,
              "requires": {
                "assert-plus": "^1.0.0"
              }
            },
            "har-schema": {
              "version": "2.0.0",
              "dev": true
            },
            "har-validator": {
              "version": "5.0.3",
              "dev": true,
              "requires": {
                "ajv": "^5.1.0",
                "har-schema": "^2.0.0"
              }
            },
            "hawk": {
              "version": "6.0.2",
              "dev": true,
              "requires": {
                "boom": "4.x.x",
                "cryptiles": "3.x.x",
                "hoek": "4.x.x",
                "sntp": "2.x.x"
              }
            },
            "hoek": {
              "version": "4.2.0",
              "dev": true
            },
            "http-signature": {
              "version": "1.2.0",
              "dev": true,
              "requires": {
                "assert-plus": "^1.0.0",
                "jsprim": "^1.2.2",
                "sshpk": "^1.7.0"
              }
            },
            "is-typedarray": {
              "version": "1.0.0",
              "dev": true
            },
            "isstream": {
              "version": "0.1.2",
              "dev": true
            },
            "jsbn": {
              "version": "0.1.1",
              "dev": true,
              "optional": true
            },
            "json-promise": {
              "version": "1.1.8",
              "dev": true,
              "requires": {
                "bluebird": "*"
              },
              "dependencies": {
                "bluebird": {
                  "version": "2.2.2",
                  "dev": true
                }
              }
            },
            "json-schema": {
              "version": "0.2.3",
              "dev": true
            },
            "json-schema-traverse": {
              "version": "0.3.1",
              "dev": true
            },
            "json-stable-stringify": {
              "version": "1.0.1",
              "dev": true,
              "requires": {
                "jsonify": "~0.0.0"
              }
            },
            "json-stringify-safe": {
              "version": "5.0.1",
              "dev": true
            },
            "jsonify": {
              "version": "0.0.0",
              "dev": true
            },
            "jsprim": {
              "version": "1.4.1",
              "dev": true,
              "requires": {
                "assert-plus": "1.0.0",
                "extsprintf": "1.3.0",
                "json-schema": "0.2.3",
                "verror": "1.10.0"
              }
            },
            "mime-db": {
              "version": "1.30.0",
              "dev": true
            },
            "mime-types": {
              "version": "2.1.17",
              "dev": true,
              "requires": {
                "mime-db": "~1.30.0"
              }
            },
            "minimist": {
              "version": "0.0.8",
              "dev": true
            },
            "mkdirp": {
              "version": "0.5.1",
              "dev": true,
              "requires": {
                "minimist": "0.0.8"
              }
            },
            "oauth-sign": {
              "version": "0.8.2",
              "dev": true
            },
            "optimist": {
              "version": "0.6.1",
              "dev": true,
              "requires": {
                "minimist": "~0.0.1",
                "wordwrap": "~0.0.2"
              }
            },
            "performance-now": {
              "version": "2.1.0",
              "dev": true
            },
            "pretty-data": {
              "version": "0.40.0",
              "dev": true
            },
            "punycode": {
              "version": "1.4.1",
              "dev": true
            },
            "qs": {
              "version": "6.5.1",
              "dev": true
            },
            "request": {
              "version": "2.83.0",
              "dev": true,
              "requires": {
                "aws-sign2": "~0.7.0",
                "aws4": "^1.6.0",
                "caseless": "~0.12.0",
                "combined-stream": "~1.0.5",
                "extend": "~3.0.1",
                "forever-agent": "~0.6.1",
                "form-data": "~2.3.1",
                "har-validator": "~5.0.3",
                "hawk": "~6.0.2",
                "http-signature": "~1.2.0",
                "is-typedarray": "~1.0.0",
                "isstream": "~0.1.2",
                "json-stringify-safe": "~5.0.1",
                "mime-types": "~2.1.17",
                "oauth-sign": "~0.8.2",
                "performance-now": "^2.1.0",
                "qs": "~6.5.1",
                "safe-buffer": "^5.1.1",
                "stringstream": "~0.0.5",
                "tough-cookie": "~2.3.3",
                "tunnel-agent": "^0.6.0",
                "uuid": "^3.1.0"
              }
            },
            "safe-buffer": {
              "version": "5.1.1",
              "dev": true
            },
            "sntp": {
              "version": "2.0.2",
              "dev": true,
              "requires": {
                "hoek": "4.x.x"
              }
            },
            "sshpk": {
              "version": "1.13.1",
              "dev": true,
              "requires": {
                "asn1": "~0.2.3",
                "assert-plus": "^1.0.0",
                "bcrypt-pbkdf": "^1.0.0",
                "dashdash": "^1.12.0",
                "ecc-jsbn": "~0.1.1",
                "getpass": "^0.1.1",
                "jsbn": "~0.1.0",
                "tweetnacl": "~0.14.0"
              }
            },
            "stringstream": {
              "version": "0.0.5",
              "dev": true
            },
            "tough-cookie": {
              "version": "2.3.3",
              "dev": true,
              "requires": {
                "punycode": "^1.4.1"
              }
            },
            "tunnel-agent": {
              "version": "0.6.0",
              "dev": true,
              "requires": {
                "safe-buffer": "^5.0.1"
              }
            },
            "tweetnacl": {
              "version": "0.14.5",
              "dev": true,
              "optional": true
            },
            "uuid": {
              "version": "3.1.0",
              "dev": true
            },
            "verror": {
              "version": "1.10.0",
              "dev": true,
              "requires": {
                "assert-plus": "^1.0.0",
                "core-util-is": "1.0.2",
                "extsprintf": "^1.2.0"
              }
            },
            "wordwrap": {
              "version": "0.0.3",
              "dev": true
            }
          }
        },
        "require-directory": {
          "version": "2.1.1"
        },
        "string-width": {
          "version": "4.2.3",
          "requires": {
            "emoji-regex": "^8.0.0",
            "is-fullwidth-code-point": "^3.0.0",
            "strip-ansi": "^6.0.1"
          }
        },
        "strip-ansi": {
          "version": "6.0.1",
          "requires": {
            "ansi-regex": "^5.0.1"
          }
        },
        "typescript": {
          "version": "4.5.2",
          "dev": true
        },
        "wrap-ansi": {
          "version": "7.0.0",
          "requires": {
            "ansi-styles": "^4.0.0",
            "string-width": "^4.1.0",
            "strip-ansi": "^6.0.0"
          }
        },
        "y18n": {
          "version": "5.0.8"
        },
        "yargs": {
          "version": "17.2.1",
          "requires": {
            "cliui": "^7.0.2",
            "escalade": "^3.1.1",
            "get-caller-file": "^2.0.5",
            "require-directory": "^2.1.1",
            "string-width": "^4.2.0",
            "y18n": "^5.0.5",
            "yargs-parser": "^20.2.2"
          }
        },
        "yargs-parser": {
          "version": "20.2.9"
        }
      }
    },
    "braces": {
      "version": "3.0.2",
      "requires": {
        "fill-range": "^7.0.1"
      }
    },
    "fast-glob": {
      "version": "3.2.7",
      "requires": {
        "@nodelib/fs.stat": "^2.0.2",
        "@nodelib/fs.walk": "^1.2.3",
        "glob-parent": "^5.1.2",
        "merge2": "^1.3.0",
        "micromatch": "^4.0.4"
      }
    },
    "fastq": {
      "version": "1.13.0",
      "requires": {
        "reusify": "^1.0.4"
      }
    },
    "fill-range": {
      "version": "7.0.1",
      "requires": {
        "to-regex-range": "^5.0.1"
      }
    },
    "glob-parent": {
      "version": "5.1.2",
      "requires": {
        "is-glob": "^4.0.1"
      }
    },
    "is-extglob": {
      "version": "2.1.1"
    },
    "is-glob": {
      "version": "4.0.3",
      "requires": {
        "is-extglob": "^2.1.1"
      }
    },
    "is-number": {
      "version": "7.0.0"
    },
    "merge2": {
      "version": "1.4.1"
    },
    "micromatch": {
      "version": "4.0.4",
      "requires": {
        "braces": "^3.0.1",
        "picomatch": "^2.2.3"
      }
    },
    "picomatch": {
      "version": "2.3.0"
    },
    "queue-microtask": {
      "version": "1.2.3"
    },
    "reusify": {
      "version": "1.0.4"
    },
    "run-parallel": {
      "version": "1.2.0",
      "requires": {
        "queue-microtask": "^1.2.2"
      }
    },
    "to-regex-range": {
      "version": "5.0.1",
      "requires": {
        "is-number": "^7.0.0"
      }
    }
  }
}
